{
  "version": "3",
  "packages": {
    "specifiers": {
      "jsr:@progfay/scrapbox-parser@^9.0.0": "jsr:@progfay/scrapbox-parser@9.0.0",
      "jsr:@std/assert@^1.0.2": "jsr:@std/assert@1.0.2",
      "jsr:@std/bytes@^1.0.2-rc.3": "jsr:@std/bytes@1.0.2",
      "jsr:@std/cli@^1.0.3": "jsr:@std/cli@1.0.3",
      "jsr:@std/fmt@^1.0.0": "jsr:@std/fmt@1.0.0",
      "jsr:@std/internal@^1.0.1": "jsr:@std/internal@1.0.1",
      "jsr:@std/io@^0.224.5": "jsr:@std/io@0.224.5"
    },
    "jsr": {
      "@progfay/scrapbox-parser@9.0.0": {
        "integrity": "c559602926d6ddd0580ab0c945333d06ed6cbdd67d4c67557edce8b0bb4be978"
      },
      "@std/assert@1.0.2": {
        "integrity": "ccacec332958126deaceb5c63ff8b4eaf9f5ed0eac9feccf124110435e59e49c",
        "dependencies": [
          "jsr:@std/internal@^1.0.1"
        ]
      },
      "@std/bytes@1.0.2": {
        "integrity": "fbdee322bbd8c599a6af186a1603b3355e59a5fb1baa139f8f4c3c9a1b3e3d57"
      },
      "@std/cli@1.0.3": {
        "integrity": "9a0488b5d2e58d29dce106a941eecec7181fae996bf0d2225563f1ca7e4b100c"
      },
      "@std/fmt@1.0.0": {
        "integrity": "8a95c9fdbb61559418ccbc0f536080cf43341655e1444f9d375a66886ceaaa3d"
      },
      "@std/internal@1.0.1": {
        "integrity": "6f8c7544d06a11dd256c8d6ba54b11ed870aac6c5aeafff499892662c57673e6"
      },
      "@std/io@0.224.5": {
        "integrity": "cb84fe655d1273fca94efcff411465027a8b0b4225203f19d6ee98d9c8920a2d",
        "dependencies": [
          "jsr:@std/bytes@^1.0.2-rc.3"
        ]
      }
    }
  },
  "remote": {},
  "workspace": {
    "dependencies": [
      "jsr:@progfay/scrapbox-parser@^9.0.0",
      "jsr:@std/assert@^1.0.2",
      "jsr:@std/cli@^1.0.3",
      "jsr:@std/fmt@^1.0.0",
      "jsr:@std/io@^0.224.5"
    ]
  }
}
